PODS:
  - AAInfographics (6.0.0)
  - EmptyDataSet-Swift (5.0.0)
  - ESPullToRefresh (2.9.3)
  - FluentDarkModeKit (1.0.4)
  - GRDB.swift (5.8.0):
    - GRDB.swift/standard (= 5.8.0)
  - GRDB.swift/standard (5.8.0)
  - IQKeyboardManagerSwift (6.5.6)
  - ReactiveCocoa (11.2.1):
    - ReactiveSwift (~> 6.6)
  - ReactiveSwift (6.6.1)
  - SideMenu (6.5.0)
  - SnapKit (5.0.1)
  - Toast-Swift (5.0.1)

DEPENDENCIES:
  - AAInfographics
  - EmptyDataSet-Swift
  - ESPullToRefresh
  - FluentDarkModeKit
  - GRDB.swift
  - IQKeyboardManagerSwift
  - ReactiveCocoa
  - SideMenu
  - SnapKit
  - Toast-Swift

SPEC REPOS:
  https://gitee.com/mirrors/CocoaPods-Specs.git:
    - AAInfographics
    - EmptyDataSet-Swift
    - ESPullToRefresh
    - FluentDarkModeKit
    - GRDB.swift
    - IQKeyboardManagerSwift
    - ReactiveCocoa
    - ReactiveSwift
    - SideMenu
    - SnapKit
    - Toast-Swift

SPEC CHECKSUMS:
  AAInfographics: e57c6cc15ddc17df3555db6f586fb0e1b911a0b7
  EmptyDataSet-Swift: eb382c0c87a2d9c678077385a595cec52da38171
  ESPullToRefresh: 0d68daa602b343c81753a1b95e09fd0bfcddfd40
  FluentDarkModeKit: b6317653a00329564582884772ec57c4eaad1a1f
  GRDB.swift: 9b9beec114435e1d852ad68c136cff4c71134627
  IQKeyboardManagerSwift: c7df9d2deb356c04522f5c4b7b6e4ce4d8ed94fe
  ReactiveCocoa: 194289e7069037d40c59cb4ae9230f4b1ec05fa8
  ReactiveSwift: fab34244ad908808dc822bae352a058c8837c4ca
  SideMenu: f583187d21c5b1dd04c72002be544b555a2627a2
  SnapKit: 97b92857e3df3a0c71833cce143274bf6ef8e5eb
  Toast-Swift: 9b6a70f28b3bf0b96c40d46c0c4b9d6639846711

PODFILE CHECKSUM: a05f1bc2fec46bec972a579b2298a8f424c444a5

COCOAPODS: 1.10.1
