PODS:
  - FluentDarkModeKit (1.0.1)
  - GRDB.swift (5.4.0):
    - GRDB.swift/standard (= 5.4.0)
  - GRDB.swift/standard (5.4.0)
  - IQKeyboardManagerSwift (6.5.6)
  - SnapKit (5.0.1)
  - Toast-Swift (5.0.1)

DEPENDENCIES:
  - FluentDarkModeKit
  - GRDB.swift
  - IQKeyboardManagerSwift
  - SnapKit
  - Toast-Swift

SPEC REPOS:
  https://gitee.com/mirrors/CocoaPods-Specs.git:
    - FluentDarkModeKit
    - GRDB.swift
    - IQKeyboardManagerSwift
    - SnapKit
    - Toast-Swift

SPEC CHECKSUMS:
  FluentDarkModeKit: 0c5f31ca81eb058f3e8b6d79b3d08afbe7c40c42
  GRDB.swift: c74796da647a0b80f17de6eb84e0c5f4fe4d32b9
  IQKeyboardManagerSwift: c7df9d2deb356c04522f5c4b7b6e4ce4d8ed94fe
  SnapKit: 97b92857e3df3a0c71833cce143274bf6ef8e5eb
  Toast-Swift: 9b6a70f28b3bf0b96c40d46c0c4b9d6639846711

PODFILE CHECKSUM: 5ed995f2004289d8e35c80c50802c47460576030

COCOAPODS: 1.10.1
